
Microsoft Visual Studio Solution File, Format Version 12.00
# Visual Studio Version 16
VisualStudioVersion = 16.0.31005.135
MinimumVisualStudioVersion = 10.0.40219.1
Project("{FAE04EC0-301F-11D3-BF4B-00C04F79EFBC}") = "LocalScopes", "LocalScopes\LocalScopes.csproj", "{F4B064EE-9413-44B5-9802-2E4D7CC5BC3B}"
Project("{FAE04EC0-301F-11D3-BF4B-00C04F79EFBC}") = "BigNumberSeparators", "BigNumberSeparators\BigNumberSeparators.csproj", "{7A96A6CA-4C59-45C1-9BFE-33E4434CD35A}"
EndProject
Project("{9A19103F-16F7-4668-BE54-9A1E7A4F7556}") = "OptionalParameters", "OptionalParameters\OptionalParameters.csproj", "{F1B1FB1D-082B-42A5-8167-14E69EE49E24}"
EndProject
Global
	GlobalSection(SolutionConfigurationPlatforms) = preSolution
		Debug|Any CPU = Debug|Any CPU
		Release|Any CPU = Release|Any CPU
	EndGlobalSection
	GlobalSection(ProjectConfigurationPlatforms) = postSolution
		{F4B064EE-9413-44B5-9802-2E4D7CC5BC3B}.Debug|Any CPU.ActiveCfg = Debug|Any CPU
		{F4B064EE-9413-44B5-9802-2E4D7CC5BC3B}.Debug|Any CPU.Build.0 = Debug|Any CPU
		{F4B064EE-9413-44B5-9802-2E4D7CC5BC3B}.Release|Any CPU.ActiveCfg = Release|Any CPU
		{F4B064EE-9413-44B5-9802-2E4D7CC5BC3B}.Release|Any CPU.Build.0 = Release|Any CPU
		{7A96A6CA-4C59-45C1-9BFE-33E4434CD35A}.Debug|Any CPU.ActiveCfg = Debug|Any CPU
		{7A96A6CA-4C59-45C1-9BFE-33E4434CD35A}.Debug|Any CPU.Build.0 = Debug|Any CPU
		{7A96A6CA-4C59-45C1-9BFE-33E4434CD35A}.Release|Any CPU.ActiveCfg = Release|Any CPU
		{7A96A6CA-4C59-45C1-9BFE-33E4434CD35A}.Release|Any CPU.Build.0 = Release|Any CPU
	EndGlobalSection
	GlobalSection(SolutionProperties) = preSolution
		HideSolutionNode = FALSE
	EndGlobalSection
	GlobalSection(ExtensibilityGlobals) = postSolution
		SolutionGuid = {FD33F8A3-922F-410D-9AEA-08F3EFC933B3}
	EndGlobalSection
EndGlobal
